// !$*UTF8*$!
{
	archiveVersion = 1;
	classes = {
	};
	objectVersion = 55;
	objects = {

/* Begin PBXBuildFile section */
		0291C89C2727CC8C00CE3BF5 /* ListViewController.swift in Sources */ = {isa = PBXBuildFile; fileRef = 0291C89B2727CC8C00CE3BF5 /* ListViewController.swift */; };
		0291C89F2728982900CE3BF5 /* WebService.swift in Sources */ = {isa = PBXBuildFile; fileRef = 0291C89E2728982900CE3BF5 /* WebService.swift */; };
		0291C8A227289BF800CE3BF5 /* Article.swift in Sources */ = {isa = PBXBuildFile; fileRef = 0291C8A127289BF800CE3BF5 /* Article.swift */; };
		0291C8A527289F9900CE3BF5 /* ArticleViewModel.swift in Sources */ = {isa = PBXBuildFile; fileRef = 0291C8A427289F9900CE3BF5 /* ArticleViewModel.swift */; };
		0291C8A82728A36A00CE3BF5 /* ArticleTableViewCell.swift in Sources */ = {isa = PBXBuildFile; fileRef = 0291C8A72728A36A00CE3BF5 /* ArticleTableViewCell.swift */; };
		0291C8AC2728B78B00CE3BF5 /* Constants.swift in Sources */ = {isa = PBXBuildFile; fileRef = 0291C8AB2728B78B00CE3BF5 /* Constants.swift */; };
		0291C8AE2728E0E900CE3BF5 /* ArticleDetailViewController.swift in Sources */ = {isa = PBXBuildFile; fileRef = 0291C8AD2728E0E900CE3BF5 /* ArticleDetailViewController.swift */; };
		02B99B382727A7AB00ABCC95 /* AppDelegate.swift in Sources */ = {isa = PBXBuildFile; fileRef = 02B99B372727A7AB00ABCC95 /* AppDelegate.swift */; };
		02B99B3A2727A7AB00ABCC95 /* SceneDelegate.swift in Sources */ = {isa = PBXBuildFile; fileRef = 02B99B392727A7AB00ABCC95 /* SceneDelegate.swift */; };
		02B99B3F2727A7AB00ABCC95 /* Main.storyboard in Resources */ = {isa = PBXBuildFile; fileRef = 02B99B3D2727A7AB00ABCC95 /* Main.storyboard */; };
		02B99B422727A7AB00ABCC95 /* NewsDemo.xcdatamodeld in Sources */ = {isa = PBXBuildFile; fileRef = 02B99B402727A7AB00ABCC95 /* NewsDemo.xcdatamodeld */; };
		02B99B442727A7AD00ABCC95 /* Assets.xcassets in Resources */ = {isa = PBXBuildFile; fileRef = 02B99B432727A7AD00ABCC95 /* Assets.xcassets */; };
		02B99B472727A7AD00ABCC95 /* LaunchScreen.storyboard in Resources */ = {isa = PBXBuildFile; fileRef = 02B99B452727A7AD00ABCC95 /* LaunchScreen.storyboard */; };
		02B99B522727A7AD00ABCC95 /* NewsDemoTests.swift in Sources */ = {isa = PBXBuildFile; fileRef = 02B99B512727A7AD00ABCC95 /* NewsDemoTests.swift */; };
		02B99B5C2727A7AD00ABCC95 /* NewsDemoUITests.swift in Sources */ = {isa = PBXBuildFile; fileRef = 02B99B5B2727A7AD00ABCC95 /* NewsDemoUITests.swift */; };
		02B99B5E2727A7AD00ABCC95 /* NewsDemoUITestsLaunchTests.swift in Sources */ = {isa = PBXBuildFile; fileRef = 02B99B5D2727A7AD00ABCC95 /* NewsDemoUITestsLaunchTests.swift */; };
/* End PBXBuildFile section */

/* Begin PBXContainerItemProxy section */
		02B99B4E2727A7AD00ABCC95 /* PBXContainerItemProxy */ = {
			isa = PBXContainerItemProxy;
			containerPortal = 02B99B2C2727A7AB00ABCC95 /* Project object */;
			proxyType = 1;
			remoteGlobalIDString = 02B99B332727A7AB00ABCC95;
			remoteInfo = NewsDemo;
		};
		02B99B582727A7AD00ABCC95 /* PBXContainerItemProxy */ = {
			isa = PBXContainerItemProxy;
			containerPortal = 02B99B2C2727A7AB00ABCC95 /* Project object */;
			proxyType = 1;
			remoteGlobalIDString = 02B99B332727A7AB00ABCC95;
			remoteInfo = NewsDemo;
		};
/* End PBXContainerItemProxy section */

/* Begin PBXFileReference section */
		0291C89B2727CC8C00CE3BF5 /* ListViewController.swift */ = {isa = PBXFileReference; lastKnownFileType = sourcecode.swift; path = ListViewController.swift; sourceTree = "<group>"; };
		0291C89E2728982900CE3BF5 /* WebService.swift */ = {isa = PBXFileReference; lastKnownFileType = sourcecode.swift; path = WebService.swift; sourceTree = "<group>"; };
		0291C8A127289BF800CE3BF5 /* Article.swift */ = {isa = PBXFileReference; lastKnownFileType = sourcecode.swift; path = Article.swift; sourceTree = "<group>"; };
		0291C8A427289F9900CE3BF5 /* ArticleViewModel.swift */ = {isa = PBXFileReference; lastKnownFileType = sourcecode.swift; path = ArticleViewModel.swift; sourceTree = "<group>"; };
		0291C8A72728A36A00CE3BF5 /* ArticleTableViewCell.swift */ = {isa = PBXFileReference; lastKnownFileType = sourcecode.swift; path = ArticleTableViewCell.swift; sourceTree = "<group>"; };
		0291C8AB2728B78B00CE3BF5 /* Constants.swift */ = {isa = PBXFileReference; lastKnownFileType = sourcecode.swift; path = Constants.swift; sourceTree = "<group>"; };
		0291C8AD2728E0E900CE3BF5 /* ArticleDetailViewController.swift */ = {isa = PBXFileReference; lastKnownFileType = sourcecode.swift; path = ArticleDetailViewController.swift; sourceTree = "<group>"; };
		02B99B342727A7AB00ABCC95 /* NewsDemo.app */ = {isa = PBXFileReference; explicitFileType = wrapper.application; includeInIndex = 0; path = NewsDemo.app; sourceTree = BUILT_PRODUCTS_DIR; };
		02B99B372727A7AB00ABCC95 /* AppDelegate.swift */ = {isa = PBXFileReference; lastKnownFileType = sourcecode.swift; path = AppDelegate.swift; sourceTree = "<group>"; };
		02B99B392727A7AB00ABCC95 /* SceneDelegate.swift */ = {isa = PBXFileReference; lastKnownFileType = sourcecode.swift; path = SceneDelegate.swift; sourceTree = "<group>"; };
		02B99B3E2727A7AB00ABCC95 /* Base */ = {isa = PBXFileReference; lastKnownFileType = file.storyboard; name = Base; path = Base.lproj/Main.storyboard; sourceTree = "<group>"; };
		02B99B412727A7AB00ABCC95 /* NewsDemo.xcdatamodel */ = {isa = PBXFileReference; lastKnownFileType = wrapper.xcdatamodel; path = NewsDemo.xcdatamodel; sourceTree = "<group>"; };
		02B99B432727A7AD00ABCC95 /* Assets.xcassets */ = {isa = PBXFileReference; lastKnownFileType = folder.assetcatalog; path = Assets.xcassets; sourceTree = "<group>"; };
		02B99B462727A7AD00ABCC95 /* Base */ = {isa = PBXFileReference; lastKnownFileType = file.storyboard; name = Base; path = Base.lproj/LaunchScreen.storyboard; sourceTree = "<group>"; };
		02B99B482727A7AD00ABCC95 /* Info.plist */ = {isa = PBXFileReference; lastKnownFileType = text.plist.xml; path = Info.plist; sourceTree = "<group>"; };
		02B99B4D2727A7AD00ABCC95 /* NewsDemoTests.xctest */ = {isa = PBXFileReference; explicitFileType = wrapper.cfbundle; includeInIndex = 0; path = NewsDemoTests.xctest; sourceTree = BUILT_PRODUCTS_DIR; };
		02B99B512727A7AD00ABCC95 /* NewsDemoTests.swift */ = {isa = PBXFileReference; lastKnownFileType = sourcecode.swift; path = NewsDemoTests.swift; sourceTree = "<group>"; };
		02B99B572727A7AD00ABCC95 /* NewsDemoUITests.xctest */ = {isa = PBXFileReference; explicitFileType = wrapper.cfbundle; includeInIndex = 0; path = NewsDemoUITests.xctest; sourceTree = BUILT_PRODUCTS_DIR; };
		02B99B5B2727A7AD00ABCC95 /* NewsDemoUITests.swift */ = {isa = PBXFileReference; lastKnownFileType = sourcecode.swift; path = NewsDemoUITests.swift; sourceTree = "<group>"; };
		02B99B5D2727A7AD00ABCC95 /* NewsDemoUITestsLaunchTests.swift */ = {isa = PBXFileReference; lastKnownFileType = sourcecode.swift; path = NewsDemoUITestsLaunchTests.swift; sourceTree = "<group>"; };
/* End PBXFileReference section */

/* Begin PBXFrameworksBuildPhase section */
		02B99B312727A7AB00ABCC95 /* Frameworks */ = {
			isa = PBXFrameworksBuildPhase;
			buildActionMask = 2147483647;
			files = (
			);
			runOnlyForDeploymentPostprocessing = 0;
		};
		02B99B4A2727A7AD00ABCC95 /* Frameworks */ = {
			isa = PBXFrameworksBuildPhase;
			buildActionMask = 2147483647;
			files = (
			);
			runOnlyForDeploymentPostprocessing = 0;
		};
		02B99B542727A7AD00ABCC95 /* Frameworks */ = {
			isa = PBXFrameworksBuildPhase;
			buildActionMask = 2147483647;
			files = (
			);
			runOnlyForDeploymentPostprocessing = 0;
		};
/* End PBXFrameworksBuildPhase section */

/* Begin PBXGroup section */
		0291C8982727CC0600CE3BF5 /* Controllers */ = {
			isa = PBXGroup;
			children = (
				0291C89B2727CC8C00CE3BF5 /* ListViewController.swift */,
				0291C8AD2728E0E900CE3BF5 /* ArticleDetailViewController.swift */,
			);
			path = Controllers;
			sourceTree = "<group>";
		};
		0291C89D272897F900CE3BF5 /* Services */ = {
			isa = PBXGroup;
			children = (
				0291C89E2728982900CE3BF5 /* WebService.swift */,
			);
			path = Services;
			sourceTree = "<group>";
		};
		0291C8A027289BA300CE3BF5 /* Models */ = {
			isa = PBXGroup;
			children = (
				0291C8A127289BF800CE3BF5 /* Article.swift */,
			);
			path = Models;
			sourceTree = "<group>";
		};
		0291C8A327289F7900CE3BF5 /* View Models */ = {
			isa = PBXGroup;
			children = (
				0291C8A427289F9900CE3BF5 /* ArticleViewModel.swift */,
			);
			path = "View Models";
			sourceTree = "<group>";
		};
		0291C8A62728A34300CE3BF5 /* Cells */ = {
			isa = PBXGroup;
			children = (
				0291C8A72728A36A00CE3BF5 /* ArticleTableViewCell.swift */,
			);
			path = Cells;
			sourceTree = "<group>";
		};
		0291C8A92728B76300CE3BF5 /* Supporting Files */ = {
			isa = PBXGroup;
			children = (
				0291C8AA2728B77100CE3BF5 /* Constants */,
			);
			path = "Supporting Files";
			sourceTree = "<group>";
		};
		0291C8AA2728B77100CE3BF5 /* Constants */ = {
			isa = PBXGroup;
			children = (
				0291C8AB2728B78B00CE3BF5 /* Constants.swift */,
			);
			path = Constants;
			sourceTree = "<group>";
		};
		02B99B2B2727A7AB00ABCC95 = {
			isa = PBXGroup;
			children = (
				02B99B362727A7AB00ABCC95 /* NewsDemo */,
				02B99B502727A7AD00ABCC95 /* NewsDemoTests */,
				02B99B5A2727A7AD00ABCC95 /* NewsDemoUITests */,
				02B99B352727A7AB00ABCC95 /* Products */,
			);
			sourceTree = "<group>";
		};
		02B99B352727A7AB00ABCC95 /* Products */ = {
			isa = PBXGroup;
			children = (
				02B99B342727A7AB00ABCC95 /* NewsDemo.app */,
				02B99B4D2727A7AD00ABCC95 /* NewsDemoTests.xctest */,
				02B99B572727A7AD00ABCC95 /* NewsDemoUITests.xctest */,
			);
			name = Products;
			sourceTree = "<group>";
		};
		02B99B362727A7AB00ABCC95 /* NewsDemo */ = {
			isa = PBXGroup;
			children = (
				0291C8A92728B76300CE3BF5 /* Supporting Files */,
				0291C8A62728A34300CE3BF5 /* Cells */,
				0291C8A327289F7900CE3BF5 /* View Models */,
				0291C8A027289BA300CE3BF5 /* Models */,
				0291C8982727CC0600CE3BF5 /* Controllers */,
				0291C89D272897F900CE3BF5 /* Services */,
				02B99B372727A7AB00ABCC95 /* AppDelegate.swift */,
				02B99B392727A7AB00ABCC95 /* SceneDelegate.swift */,
				02B99B3D2727A7AB00ABCC95 /* Main.storyboard */,
				02B99B432727A7AD00ABCC95 /* Assets.xcassets */,
				02B99B452727A7AD00ABCC95 /* LaunchScreen.storyboard */,
				02B99B482727A7AD00ABCC95 /* Info.plist */,
				02B99B402727A7AB00ABCC95 /* NewsDemo.xcdatamodeld */,
			);
			path = NewsDemo;
			sourceTree = "<group>";
		};
		02B99B502727A7AD00ABCC95 /* NewsDemoTests */ = {
			isa = PBXGroup;
			children = (
				02B99B512727A7AD00ABCC95 /* NewsDemoTests.swift */,
			);
			path = NewsDemoTests;
			sourceTree = "<group>";
		};
		02B99B5A2727A7AD00ABCC95 /* NewsDemoUITests */ = {
			isa = PBXGroup;
			children = (
				02B99B5B2727A7AD00ABCC95 /* NewsDemoUITests.swift */,
				02B99B5D2727A7AD00ABCC95 /* NewsDemoUITestsLaunchTests.swift */,
			);
			path = NewsDemoUITests;
			sourceTree = "<group>";
		};
/* End PBXGroup section */

/* Begin PBXNativeTarget section */
		02B99B332727A7AB00ABCC95 /* NewsDemo */ = {
			isa = PBXNativeTarget;
			buildConfigurationList = 02B99B612727A7AD00ABCC95 /* Build configuration list for PBXNativeTarget "NewsDemo" */;
			buildPhases = (
				02B99B302727A7AB00ABCC95 /* Sources */,
				02B99B312727A7AB00ABCC95 /* Frameworks */,
				02B99B322727A7AB00ABCC95 /* Resources */,
			);
			buildRules = (
			);
			dependencies = (
			);
			name = NewsDemo;
			productName = NewsDemo;
			productReference = 02B99B342727A7AB00ABCC95 /* NewsDemo.app */;
			productType = "com.apple.product-type.application";
		};
		02B99B4C2727A7AD00ABCC95 /* NewsDemoTests */ = {
			isa = PBXNativeTarget;
			buildConfigurationList = 02B99B642727A7AD00ABCC95 /* Build configuration list for PBXNativeTarget "NewsDemoTests" */;
			buildPhases = (
				02B99B492727A7AD00ABCC95 /* Sources */,
				02B99B4A2727A7AD00ABCC95 /* Frameworks */,
				02B99B4B2727A7AD00ABCC95 /* Resources */,
			);
			buildRules = (
			);
			dependencies = (
				02B99B4F2727A7AD00ABCC95 /* PBXTargetDependency */,
			);
			name = NewsDemoTests;
			productName = NewsDemoTests;
			productReference = 02B99B4D2727A7AD00ABCC95 /* NewsDemoTests.xctest */;
			productType = "com.apple.product-type.bundle.unit-test";
		};
		02B99B562727A7AD00ABCC95 /* NewsDemoUITests */ = {
			isa = PBXNativeTarget;
			buildConfigurationList = 02B99B672727A7AD00ABCC95 /* Build configuration list for PBXNativeTarget "NewsDemoUITests" */;
			buildPhases = (
				02B99B532727A7AD00ABCC95 /* Sources */,
				02B99B542727A7AD00ABCC95 /* Frameworks */,
				02B99B552727A7AD00ABCC95 /* Resources */,
			);
			buildRules = (
			);
			dependencies = (
				02B99B592727A7AD00ABCC95 /* PBXTargetDependency */,
			);
			name = NewsDemoUITests;
			productName = NewsDemoUITests;
			productReference = 02B99B572727A7AD00ABCC95 /* NewsDemoUITests.xctest */;
			productType = "com.apple.product-type.bundle.ui-testing";
		};
/* End PBXNativeTarget section */

/* Begin PBXProject section */
		02B99B2C2727A7AB00ABCC95 /* Project object */ = {
			isa = PBXProject;
			attributes = {
				BuildIndependentTargetsInParallel = 1;
				LastSwiftUpdateCheck = 1300;
				LastUpgradeCheck = 1300;
				TargetAttributes = {
					02B99B332727A7AB00ABCC95 = {
						CreatedOnToolsVersion = 13.0;
					};
					02B99B4C2727A7AD00ABCC95 = {
						CreatedOnToolsVersion = 13.0;
						TestTargetID = 02B99B332727A7AB00ABCC95;
					};
					02B99B562727A7AD00ABCC95 = {
						CreatedOnToolsVersion = 13.0;
						TestTargetID = 02B99B332727A7AB00ABCC95;
					};
				};
			};
			buildConfigurationList = 02B99B2F2727A7AB00ABCC95 /* Build configuration list for PBXProject "NewsDemo" */;
			compatibilityVersion = "Xcode 13.0";
			developmentRegion = en;
			hasScannedForEncodings = 0;
			knownRegions = (
				en,
				Base,
			);
			mainGroup = 02B99B2B2727A7AB00ABCC95;
			productRefGroup = 02B99B352727A7AB00ABCC95 /* Products */;
			projectDirPath = "";
			projectRoot = "";
			targets = (
				02B99B332727A7AB00ABCC95 /* NewsDemo */,
				02B99B4C2727A7AD00ABCC95 /* NewsDemoTests */,
				02B99B562727A7AD00ABCC95 /* NewsDemoUITests */,
			);
		};
/* End PBXProject section */

/* Begin PBXResourcesBuildPhase section */
		02B99B322727A7AB00ABCC95 /* Resources */ = {
			isa = PBXResourcesBuildPhase;
			buildActionMask = 2147483647;
			files = (
				02B99B472727A7AD00ABCC95 /* LaunchScreen.storyboard in Resources */,
				02B99B442727A7AD00ABCC95 /* Assets.xcassets in Resources */,
				02B99B3F2727A7AB00ABCC95 /* Main.storyboard in Resources */,
			);
			runOnlyForDeploymentPostprocessing = 0;
		};
		02B99B4B2727A7AD00ABCC95 /* Resources */ = {
			isa = PBXResourcesBuildPhase;
			buildActionMask = 2147483647;
			files = (
			);
			runOnlyForDeploymentPostprocessing = 0;
		};
		02B99B552727A7AD00ABCC95 /* Resources */ = {
			isa = PBXResourcesBuildPhase;
			buildActionMask = 2147483647;
			files = (
			);
			runOnlyForDeploymentPostprocessing = 0;
		};
/* End PBXResourcesBuildPhase section */

/* Begin PBXSourcesBuildPhase section */
		02B99B302727A7AB00ABCC95 /* Sources */ = {
			isa = PBXSourcesBuildPhase;
			buildActionMask = 2147483647;
			files = (
				0291C8AC2728B78B00CE3BF5 /* Constants.swift in Sources */,
				02B99B382727A7AB00ABCC95 /* AppDelegate.swift in Sources */,
				02B99B3A2727A7AB00ABCC95 /* SceneDelegate.swift in Sources */,
				0291C8A227289BF800CE3BF5 /* Article.swift in Sources */,
				0291C8AE2728E0E900CE3BF5 /* ArticleDetailViewController.swift in Sources */,
				0291C89C2727CC8C00CE3BF5 /* ListViewController.swift in Sources */,
				0291C8A82728A36A00CE3BF5 /* ArticleTableViewCell.swift in Sources */,
				0291C89F2728982900CE3BF5 /* WebService.swift in Sources */,
				0291C8A527289F9900CE3BF5 /* ArticleViewModel.swift in Sources */,
				02B99B422727A7AB00ABCC95 /* NewsDemo.xcdatamodeld in Sources */,
			);
			runOnlyForDeploymentPostprocessing = 0;
		};
		02B99B492727A7AD00ABCC95 /* Sources */ = {
			isa = PBXSourcesBuildPhase;
			buildActionMask = 2147483647;
			files = (
				02B99B522727A7AD00ABCC95 /* NewsDemoTests.swift in Sources */,
			);
			runOnlyForDeploymentPostprocessing = 0;
		};
		02B99B532727A7AD00ABCC95 /* Sources */ = {
			isa = PBXSourcesBuildPhase;
			buildActionMask = 2147483647;
			files = (
				02B99B5E2727A7AD00ABCC95 /* NewsDemoUITestsLaunchTests.swift in Sources */,
				02B99B5C2727A7AD00ABCC95 /* NewsDemoUITests.swift in Sources */,
			);
			runOnlyForDeploymentPostprocessing = 0;
		};
/* End PBXSourcesBuildPhase section */

/* Begin PBXTargetDependency section */
		02B99B4F2727A7AD00ABCC95 /* PBXTargetDependency */ = {
			isa = PBXTargetDependency;
			target = 02B99B332727A7AB00ABCC95 /* NewsDemo */;
			targetProxy = 02B99B4E2727A7AD00ABCC95 /* PBXContainerItemProxy */;
		};
		02B99B592727A7AD00ABCC95 /* PBXTargetDependency */ = {
			isa = PBXTargetDependency;
			target = 02B99B332727A7AB00ABCC95 /* NewsDemo */;
			targetProxy = 02B99B582727A7AD00ABCC95 /* PBXContainerItemProxy */;
		};
/* End PBXTargetDependency section */

/* Begin PBXVariantGroup section */
		02B99B3D2727A7AB00ABCC95 /* Main.storyboard */ = {
			isa = PBXVariantGroup;
			children = (
				02B99B3E2727A7AB00ABCC95 /* Base */,
			);
			name = Main.storyboard;
			sourceTree = "<group>";
		};
		02B99B452727A7AD00ABCC95 /* LaunchScreen.storyboard */ = {
			isa = PBXVariantGroup;
			children = (
				02B99B462727A7AD00ABCC95 /* Base */,
			);
			name = LaunchScreen.storyboard;
			sourceTree = "<group>";
		};
/* End PBXVariantGroup section */

/* Begin XCBuildConfiguration section */
		02B99B5F2727A7AD00ABCC95 /* Debug */ = {
			isa = XCBuildConfiguration;
			buildSettings = {
				ALWAYS_SEARCH_USER_PATHS = NO;
				CLANG_ANALYZER_NONNULL = YES;
				CLANG_ANALYZER_NUMBER_OBJECT_CONVERSION = YES_AGGRESSIVE;
				CLANG_CXX_LANGUAGE_STANDARD = "gnu++17";
				CLANG_CXX_LIBRARY = "libc++";
				CLANG_ENABLE_MODULES = YES;
				CLANG_ENABLE_OBJC_ARC = YES;
				CLANG_ENABLE_OBJC_WEAK = YES;
				CLANG_WARN_BLOCK_CAPTURE_AUTORELEASING = YES;
				CLANG_WARN_BOOL_CONVERSION = YES;
				CLANG_WARN_COMMA = YES;
				CLANG_WARN_CONSTANT_CONVERSION = YES;
				CLANG_WARN_DEPRECATED_OBJC_IMPLEMENTATIONS = YES;
				CLANG_WARN_DIRECT_OBJC_ISA_USAGE = YES_ERROR;
				CLANG_WARN_DOCUMENTATION_COMMENTS = YES;
				CLANG_WARN_EMPTY_BODY = YES;
				CLANG_WARN_ENUM_CONVERSION = YES;
				CLANG_WARN_INFINITE_RECURSION = YES;
				CLANG_WARN_INT_CONVERSION = YES;
				CLANG_WARN_NON_LITERAL_NULL_CONVERSION = YES;
				CLANG_WARN_OBJC_IMPLICIT_RETAIN_SELF = YES;
				CLANG_WARN_OBJC_LITERAL_CONVERSION = YES;
				CLANG_WARN_OBJC_ROOT_CLASS = YES_ERROR;
				CLANG_WARN_QUOTED_INCLUDE_IN_FRAMEWORK_HEADER = YES;
				CLANG_WARN_RANGE_LOOP_ANALYSIS = YES;
				CLANG_WARN_STRICT_PROTOTYPES = YES;
				CLANG_WARN_SUSPICIOUS_MOVE = YES;
				CLANG_WARN_UNGUARDED_AVAILABILITY = YES_AGGRESSIVE;
				CLANG_WARN_UNREACHABLE_CODE = YES;
				CLANG_WARN__DUPLICATE_METHOD_MATCH = YES;
				COPY_PHASE_STRIP = NO;
				DEBUG_INFORMATION_FORMAT = dwarf;
				ENABLE_STRICT_OBJC_MSGSEND = YES;
				ENABLE_TESTABILITY = YES;
				GCC_C_LANGUAGE_STANDARD = gnu11;
				GCC_DYNAMIC_NO_PIC = NO;
				GCC_NO_COMMON_BLOCKS = YES;
				GCC_OPTIMIZATION_LEVEL = 0;
				GCC_PREPROCESSOR_DEFINITIONS = (
					"DEBUG=1",
					"$(inherited)",
				);
				GCC_WARN_64_TO_32_BIT_CONVERSION = YES;
				GCC_WARN_ABOUT_RETURN_TYPE = YES_ERROR;
				GCC_WARN_UNDECLARED_SELECTOR = YES;
				GCC_WARN_UNINITIALIZED_AUTOS = YES_AGGRESSIVE;
				GCC_WARN_UNUSED_FUNCTION = YES;
				GCC_WARN_UNUSED_VARIABLE = YES;
				IPHONEOS_DEPLOYMENT_TARGET = 15.0;
				MTL_ENABLE_DEBUG_INFO = INCLUDE_SOURCE;
				MTL_FAST_MATH = YES;
				ONLY_ACTIVE_ARCH = YES;
				SDKROOT = iphoneos;
				SWIFT_ACTIVE_COMPILATION_CONDITIONS = DEBUG;
				SWIFT_OPTIMIZATION_LEVEL = "-Onone";
			};
			name = Debug;
		};
		02B99B602727A7AD00ABCC95 /* Release */ = {
			isa = XCBuildConfiguration;
			buildSettings = {
				ALWAYS_SEARCH_USER_PATHS = NO;
				CLANG_ANALYZER_NONNULL = YES;
				CLANG_ANALYZER_NUMBER_OBJECT_CONVERSION = YES_AGGRESSIVE;
				CLANG_CXX_LANGUAGE_STANDARD = "gnu++17";
				CLANG_CXX_LIBRARY = "libc++";
				CLANG_ENABLE_MODULES = YES;
				CLANG_ENABLE_OBJC_ARC = YES;
				CLANG_ENABLE_OBJC_WEAK = YES;
				CLANG_WARN_BLOCK_CAPTURE_AUTORELEASING = YES;
				CLANG_WARN_BOOL_CONVERSION = YES;
				CLANG_WARN_COMMA = YES;
				CLANG_WARN_CONSTANT_CONVERSION = YES;
				CLANG_WARN_DEPRECATED_OBJC_IMPLEMENTATIONS = YES;
				CLANG_WARN_DIRECT_OBJC_ISA_USAGE = YES_ERROR;
				CLANG_WARN_DOCUMENTATION_COMMENTS = YES;
				CLANG_WARN_EMPTY_BODY = YES;
				CLANG_WARN_ENUM_CONVERSION = YES;
				CLANG_WARN_INFINITE_RECURSION = YES;
				CLANG_WARN_INT_CONVERSION = YES;
				CLANG_WARN_NON_LITERAL_NULL_CONVERSION = YES;
				CLANG_WARN_OBJC_IMPLICIT_RETAIN_SELF = YES;
				CLANG_WARN_OBJC_LITERAL_CONVERSION = YES;
				CLANG_WARN_OBJC_ROOT_CLASS = YES_ERROR;
				CLANG_WARN_QUOTED_INCLUDE_IN_FRAMEWORK_HEADER = YES;
				CLANG_WARN_RANGE_LOOP_ANALYSIS = YES;
				CLANG_WARN_STRICT_PROTOTYPES = YES;
				CLANG_WARN_SUSPICIOUS_MOVE = YES;
				CLANG_WARN_UNGUARDED_AVAILABILITY = YES_AGGRESSIVE;
				CLANG_WARN_UNREACHABLE_CODE = YES;
				CLANG_WARN__DUPLICATE_METHOD_MATCH = YES;
				COPY_PHASE_STRIP = NO;
				DEBUG_INFORMATION_FORMAT = "dwarf-with-dsym";
				ENABLE_NS_ASSERTIONS = NO;
				ENABLE_STRICT_OBJC_MSGSEND = YES;
				GCC_C_LANGUAGE_STANDARD = gnu11;
				GCC_NO_COMMON_BLOCKS = YES;
				GCC_WARN_64_TO_32_BIT_CONVERSION = YES;
				GCC_WARN_ABOUT_RETURN_TYPE = YES_ERROR;
				GCC_WARN_UNDECLARED_SELECTOR = YES;
				GCC_WARN_UNINITIALIZED_AUTOS = YES_AGGRESSIVE;
				GCC_WARN_UNUSED_FUNCTION = YES;
				GCC_WARN_UNUSED_VARIABLE = YES;
				IPHONEOS_DEPLOYMENT_TARGET = 15.0;
				MTL_ENABLE_DEBUG_INFO = NO;
				MTL_FAST_MATH = YES;
				SDKROOT = iphoneos;
				SWIFT_COMPILATION_MODE = wholemodule;
				SWIFT_OPTIMIZATION_LEVEL = "-O";
				VALIDATE_PRODUCT = YES;
			};
			name = Release;
		};
		02B99B622727A7AD00ABCC95 /* Debug */ = {
			isa = XCBuildConfiguration;
			buildSettings = {
				ASSETCATALOG_COMPILER_APPICON_NAME = AppIcon;
				ASSETCATALOG_COMPILER_GLOBAL_ACCENT_COLOR_NAME = AccentColor;
				CODE_SIGN_STYLE = Automatic;
				CURRENT_PROJECT_VERSION = 1;
				DEVELOPMENT_TEAM = 9UUBXSU4L7;
				GENERATE_INFOPLIST_FILE = YES;
				INFOPLIST_FILE = NewsDemo/Info.plist;
				INFOPLIST_KEY_UIApplicationSupportsIndirectInputEvents = YES;
				INFOPLIST_KEY_UILaunchStoryboardName = LaunchScreen;
				INFOPLIST_KEY_UIMainStoryboardFile = Main;
				INFOPLIST_KEY_UISupportedInterfaceOrientations = UIInterfaceOrientationPortrait;
				INFOPLIST_KEY_UISupportedInterfaceOrientations_iPad = "UIInterfaceOrientationPortrait UIInterfaceOrientationPortraitUpsideDown UIInterfaceOrientationLandscapeLeft UIInterfaceOrientationLandscapeRight";
				INFOPLIST_KEY_UISupportedInterfaceOrientations_iPhone = "UIInterfaceOrientationPortrait UIInterfaceOrientationLandscapeLeft UIInterfaceOrientationLandscapeRight";
				LD_RUNPATH_SEARCH_PATHS = (
					"$(inherited)",
					"@executable_path/Frameworks",
				);
				MARKETING_VERSION = 1.0;
				PRODUCT_BUNDLE_IDENTIFIER = com.blaychris.NewsDemo;
				PRODUCT_NAME = "$(TARGET_NAME)";
				SWIFT_EMIT_LOC_STRINGS = YES;
				SWIFT_VERSION = 5.0;
				TARGETED_DEVICE_FAMILY = 1;
			};
			name = Debug;
		};
		02B99B632727A7AD00ABCC95 /* Release */ = {
			isa = XCBuildConfiguration;
			buildSettings = {
				ASSETCATALOG_COMPILER_APPICON_NAME = AppIcon;
				ASSETCATALOG_COMPILER_GLOBAL_ACCENT_COLOR_NAME = AccentColor;
				CODE_SIGN_STYLE = Automatic;
				CURRENT_PROJECT_VERSION = 1;
				DEVELOPMENT_TEAM = 9UUBXSU4L7;
				GENERATE_INFOPLIST_FILE = YES;
				INFOPLIST_FILE = NewsDemo/Info.plist;
				INFOPLIST_KEY_UIApplicationSupportsIndirectInputEvents = YES;
				INFOPLIST_KEY_UILaunchStoryboardName = LaunchScreen;
				INFOPLIST_KEY_UIMainStoryboardFile = Main;
				INFOPLIST_KEY_UISupportedInterfaceOrientations = UIInterfaceOrientationPortrait;
				INFOPLIST_KEY_UISupportedInterfaceOrientations_iPad = "UIInterfaceOrientationPortrait UIInterfaceOrientationPortraitUpsideDown UIInterfaceOrientationLandscapeLeft UIInterfaceOrientationLandscapeRight";
				INFOPLIST_KEY_UISupportedInterfaceOrientations_iPhone = "UIInterfaceOrientationPortrait UIInterfaceOrientationLandscapeLeft UIInterfaceOrientationLandscapeRight";
				LD_RUNPATH_SEARCH_PATHS = (
					"$(inherited)",
					"@executable_path/Frameworks",
				);
				MARKETING_VERSION = 1.0;
				PRODUCT_BUNDLE_IDENTIFIER = com.blaychris.NewsDemo;
				PRODUCT_NAME = "$(TARGET_NAME)";
				SWIFT_EMIT_LOC_STRINGS = YES;
				SWIFT_VERSION = 5.0;
				TARGETED_DEVICE_FAMILY = 1;
			};
			name = Release;
		};
		02B99B652727A7AD00ABCC95 /* Debug */ = {
			isa = XCBuildConfiguration;
			buildSettings = {
				ALWAYS_EMBED_SWIFT_STANDARD_LIBRARIES = YES;
				BUNDLE_LOADER = "$(TEST_HOST)";
				CODE_SIGN_STYLE = Automatic;
				CURRENT_PROJECT_VERSION = 1;
				DEVELOPMENT_TEAM = 9UUBXSU4L7;
				GENERATE_INFOPLIST_FILE = YES;
				IPHONEOS_DEPLOYMENT_TARGET = 15.0;
				LD_RUNPATH_SEARCH_PATHS = (
					"$(inherited)",
					"@executable_path/Frameworks",
					"@loader_path/Frameworks",
				);
				MARKETING_VERSION = 1.0;
				PRODUCT_BUNDLE_IDENTIFIER = com.blaychris.NewsDemoTests;
				PRODUCT_NAME = "$(TARGET_NAME)";
				SWIFT_EMIT_LOC_STRINGS = NO;
				SWIFT_VERSION = 5.0;
				TARGETED_DEVICE_FAMILY = "1,2";
				TEST_HOST = "$(BUILT_PRODUCTS_DIR)/NewsDemo.app/NewsDemo";
			};
			name = Debug;
		};
		02B99B662727A7AD00ABCC95 /* Release */ = {
			isa = XCBuildConfiguration;
			buildSettings = {
				ALWAYS_EMBED_SWIFT_STANDARD_LIBRARIES = YES;
				BUNDLE_LOADER = "$(TEST_HOST)";
				CODE_SIGN_STYLE = Automatic;
				CURRENT_PROJECT_VERSION = 1;
				DEVELOPMENT_TEAM = 9UUBXSU4L7;
				GENERATE_INFOPLIST_FILE = YES;
				IPHONEOS_DEPLOYMENT_TARGET = 15.0;
				LD_RUNPATH_SEARCH_PATHS = (
					"$(inherited)",
					"@executable_path/Frameworks",
					"@loader_path/Frameworks",
				);
				MARKETING_VERSION = 1.0;
				PRODUCT_BUNDLE_IDENTIFIER = com.blaychris.NewsDemoTests;
				PRODUCT_NAME = "$(TARGET_NAME)";
				SWIFT_EMIT_LOC_STRINGS = NO;
				SWIFT_VERSION = 5.0;
				TARGETED_DEVICE_FAMILY = "1,2";
				TEST_HOST = "$(BUILT_PRODUCTS_DIR)/NewsDemo.app/NewsDemo";
			};
			name = Release;
		};
		02B99B682727A7AD00ABCC95 /* Debug */ = {
			isa = XCBuildConfiguration;
			buildSettings = {
				ALWAYS_EMBED_SWIFT_STANDARD_LIBRARIES = YES;
				CODE_SIGN_STYLE = Automatic;
				CURRENT_PROJECT_VERSION = 1;
				DEVELOPMENT_TEAM = 9UUBXSU4L7;
				GENERATE_INFOPLIST_FILE = YES;
				LD_RUNPATH_SEARCH_PATHS = (
					"$(inherited)",
					"@executable_path/Frameworks",
					"@loader_path/Frameworks",
				);
				MARKETING_VERSION = 1.0;
				PRODUCT_BUNDLE_IDENTIFIER = com.blaychris.NewsDemoUITests;
				PRODUCT_NAME = "$(TARGET_NAME)";
				SWIFT_EMIT_LOC_STRINGS = NO;
				SWIFT_VERSION = 5.0;
				TARGETED_DEVICE_FAMILY = "1,2";
				TEST_TARGET_NAME = NewsDemo;
			};
			name = Debug;
		};
		02B99B692727A7AD00ABCC95 /* Release */ = {
			isa = XCBuildConfiguration;
			buildSettings = {
				ALWAYS_EMBED_SWIFT_STANDARD_LIBRARIES = YES;
				CODE_SIGN_STYLE = Automatic;
				CURRENT_PROJECT_VERSION = 1;
				DEVELOPMENT_TEAM = 9UUBXSU4L7;
				GENERATE_INFOPLIST_FILE = YES;
				LD_RUNPATH_SEARCH_PATHS = (
					"$(inherited)",
					"@executable_path/Frameworks",
					"@loader_path/Frameworks",
				);
				MARKETING_VERSION = 1.0;
				PRODUCT_BUNDLE_IDENTIFIER = com.blaychris.NewsDemoUITests;
				PRODUCT_NAME = "$(TARGET_NAME)";
				SWIFT_EMIT_LOC_STRINGS = NO;
				SWIFT_VERSION = 5.0;
				TARGETED_DEVICE_FAMILY = "1,2";
				TEST_TARGET_NAME = NewsDemo;
			};
			name = Release;
		};
/* End XCBuildConfiguration section */

/* Begin XCConfigurationList section */
		02B99B2F2727A7AB00ABCC95 /* Build configuration list for PBXProject "NewsDemo" */ = {
			isa = XCConfigurationList;
			buildConfigurations = (
				02B99B5F2727A7AD00ABCC95 /* Debug */,
				02B99B602727A7AD00ABCC95 /* Release */,
			);
			defaultConfigurationIsVisible = 0;
			defaultConfigurationName = Release;
		};
		02B99B612727A7AD00ABCC95 /* Build configuration list for PBXNativeTarget "NewsDemo" */ = {
			isa = XCConfigurationList;
			buildConfigurations = (
				02B99B622727A7AD00ABCC95 /* Debug */,
				02B99B632727A7AD00ABCC95 /* Release */,
			);
			defaultConfigurationIsVisible = 0;
			defaultConfigurationName = Release;
		};
		02B99B642727A7AD00ABCC95 /* Build configuration list for PBXNativeTarget "NewsDemoTests" */ = {
			isa = XCConfigurationList;
			buildConfigurations = (
				02B99B652727A7AD00ABCC95 /* Debug */,
				02B99B662727A7AD00ABCC95 /* Release */,
			);
			defaultConfigurationIsVisible = 0;
			defaultConfigurationName = Release;
		};
		02B99B672727A7AD00ABCC95 /* Build configuration list for PBXNativeTarget "NewsDemoUITests" */ = {
			isa = XCConfigurationList;
			buildConfigurations = (
				02B99B682727A7AD00ABCC95 /* Debug */,
				02B99B692727A7AD00ABCC95 /* Release */,
			);
			defaultConfigurationIsVisible = 0;
			defaultConfigurationName = Release;
		};
/* End XCConfigurationList section */

/* Begin XCVersionGroup section */
		02B99B402727A7AB00ABCC95 /* NewsDemo.xcdatamodeld */ = {
			isa = XCVersionGroup;
			children = (
				02B99B412727A7AB00ABCC95 /* NewsDemo.xcdatamodel */,
			);
			currentVersion = 02B99B412727A7AB00ABCC95 /* NewsDemo.xcdatamodel */;
			path = NewsDemo.xcdatamodeld;
			sourceTree = "<group>";
			versionGroupType = wrapper.xcdatamodel;
		};
/* End XCVersionGroup section */
	};
	rootObject = 02B99B2C2727A7AB00ABCC95 /* Project object */;
}
